<?xml version="1.0" encoding="utf-8"?>
<Project ToolsVersion="4.0" xmlns="http://schemas.microsoft.com/developer/msbuild/2003">
  <ItemGroup>
    <Filter Include="Header Files">
      <UniqueIdentifier>{93995380-89BD-4b04-88EB-625FBE52EBFB}</UniqueIdentifier>
      <Extensions>h;hpp;hxx;hm;inl;inc;xsd</Extensions>
    </Filter>
    <Filter Include="Header Files">
      <UniqueIdentifier>{93995380-89BD-4b04-88EB-625FBE52EBFB}</UniqueIdentifier>
      <Extensions>h;hpp;hxx;hm;inl;inc;xsd</Extensions>
    </Filter>
    <Filter Include="Source Files">
      <UniqueIdentifier>{4FC737F1-C7A5-4376-A066-2A32D752A2FF}</UniqueIdentifier>
      <Extensions>cpp;c;cxx;def;odl;idl;hpj;bat;asm;asmx</Extensions>
    </Filter>
    <Filter Include="Source Files">
      <UniqueIdentifier>{4FC737F1-C7A5-4376-A066-2A32D752A2FF}</UniqueIdentifier>
      <Extensions>cpp;c;cxx;def;odl;idl;hpj;bat;asm;asmx</Extensions>
    </Filter>
  </ItemGroup>
  <ItemGroup>
    <ClCompile Include="BpaPRAdequacySetting.cpp">
      <Filter>Source Files</Filter>
    </ClCompile>
    <ClCompile Include="BpaPRParam.cpp">
      <Filter>Source Files</Filter>
    </ClCompile>
    <ClCompile Include="..\..\..\..\Common\Log.cpp">
      <Filter>Source Files</Filter>
    </ClCompile>
    <ClCompile Include="LogFile.cpp">
      <Filter>Source Files</Filter>
    </ClCompile>
    <ClCompile Include="PRAdequacyBase.cpp">
      <Filter>Source Files</Filter>
    </ClCompile>
    <ClCompile Include="PRAdequacyEstimate.cpp">
      <Filter>Source Files</Filter>
    </ClCompile>
    <ClCompile Include="PRAdequacyEstimateMisc.cpp">
      <Filter>Source Files</Filter>
    </ClCompile>
    <ClCompile Include="PRAdequacyEstimateResultXml.cpp">
      <Filter>Source Files</Filter>
    </ClCompile>
    <ClCompile Include="PRAdequacyEstimateThread.cpp">
      <Filter>Source Files</Filter>
    </ClCompile>
    <ClCompile Include="PRAdequacyStateEstimate.cpp">
      <Filter>Source Files</Filter>
    </ClCompile>
    <ClCompile Include="PRAdequacyStateEstimateBalance.cpp">
      <Filter>Source Files</Filter>
    </ClCompile>
    <ClCompile Include="PRAdequacyStateSample.cpp">
      <Filter>Source Files</Filter>
    </ClCompile>
    <ClCompile Include="PRCopTable.cpp">
      <Filter>Source Files</Filter>
    </ClCompile>
    <ClCompile Include="PROverLimitAd.cpp">
      <Filter>Source Files</Filter>
    </ClCompile>
    <ClCompile Include="PROverLimitAdRadial.cpp">
      <Filter>Source Files</Filter>
    </ClCompile>
    <ClCompile Include="PRSampleAnalytic.cpp">
      <Filter>Source Files</Filter>
    </ClCompile>
    <ClCompile Include="PRSampleBase.cpp">
      <Filter>Source Files</Filter>
    </ClCompile>
    <ClCompile Include="PRSampleFastSort.cpp">
      <Filter>Source Files</Filter>
    </ClCompile>
    <ClCompile Include="PRSampleMonteCarlo.cpp">
      <Filter>Source Files</Filter>
    </ClCompile>
    <ClCompile Include="PRSampleState.cpp">
      <Filter>Source Files</Filter>
    </ClCompile>
    <ClCompile Include="PRSecurity.cpp">
      <Filter>Source Files</Filter>
    </ClCompile>
    <ClCompile Include="PRSecurityFault.cpp">
      <Filter>Source Files</Filter>
    </ClCompile>
    <ClCompile Include="PRSecurityResult.cpp">
      <Filter>Source Files</Filter>
    </ClCompile>
    <ClCompile Include="PRSecurityThread.cpp">
      <Filter>Source Files</Filter>
    </ClCompile>
    <ClCompile Include="..\..\..\..\Common\SemaphoreCommon.cpp">
      <Filter>Source Files</Filter>
    </ClCompile>
    <ClCompile Include="..\..\..\..\Common\StringCommon.cpp">
      <Filter>Source Files</Filter>
    </ClCompile>
  </ItemGroup>
  <ItemGroup>
    <ClInclude Include="BpaPRDataDefine.h">
      <Filter>Header Files</Filter>
    </ClInclude>
    <ClInclude Include="BpaPRParam.h">
      <Filter>Header Files</Filter>
    </ClInclude>
    <ClInclude Include="PRAdequacyBase.h">
      <Filter>Header Files</Filter>
    </ClInclude>
    <ClInclude Include="PRAdequacyBaseExp.h">
      <Filter>Header Files</Filter>
    </ClInclude>
    <ClInclude Include="PRAdequacyEstimate.h">
      <Filter>Header Files</Filter>
    </ClInclude>
    <ClInclude Include="PRAdequacyStateEstimate.h">
      <Filter>Header Files</Filter>
    </ClInclude>
    <ClInclude Include="PRAdequacyStateSample.h">
      <Filter>Header Files</Filter>
    </ClInclude>
    <ClInclude Include="PRCopTable.h">
      <Filter>Header Files</Filter>
    </ClInclude>
    <ClInclude Include="PROverLimitAd.h">
      <Filter>Header Files</Filter>
    </ClInclude>
    <ClInclude Include="PRSampleAnalytic.h">
      <Filter>Header Files</Filter>
    </ClInclude>
    <ClInclude Include="PRSampleBase.h">
      <Filter>Header Files</Filter>
    </ClInclude>
    <ClInclude Include="PRSampleFastSort.h">
      <Filter>Header Files</Filter>
    </ClInclude>
    <ClInclude Include="PRSampleMonteCarlo.h">
      <Filter>Header Files</Filter>
    </ClInclude>
    <ClInclude Include="PRSampleState.h">
      <Filter>Header Files</Filter>
    </ClInclude>
    <ClInclude Include="PRSecurity.h">
      <Filter>Header Files</Filter>
    </ClInclude>
    <ClInclude Include="D:\GitHub\cim2ddl\znd\dev\src\Common\StringCommon.h">
      <Filter>Header Files</Filter>
    </ClInclude>
  </ItemGroup>
</Project>