
Microsoft Visual Studio Solution File, Format Version 10.00
# Visual Studio 2008
Project("{8BC9CEB8-8B4A-11D0-8D11-00A0C91BC942}") = "GCStateSample", "GCStateSample\GCStateSample.vcproj", "{42B465E6-94BD-401C-9822-52F830F37412}"
EndProject
Project("{8BC9CEB8-8B4A-11D0-8D11-00A0C91BC942}") = "GCBPA2PR", "GCBPA2PR\GCBPA2PR.vcproj", "{AE6FBFA0-9AC4-4A7A-AE89-2035A0ED3001}"
EndProject
Project("{8BC9CEB8-8B4A-11D0-8D11-00A0C91BC942}") = "GCBPALoader", "GCBPALoader\GCBPALoader.vcproj", "{820C16C6-F346-4414-AAF7-11DF7DDA9857}"
EndProject
Project("{8BC9CEB8-8B4A-11D0-8D11-00A0C91BC942}") = "GCStateEstimate", "GCStateEstimate\GCStateEstimate.vcproj", "{D291E0E4-EF73-4C07-9927-30CD34380C38}"
EndProject
Project("{8BC9CEB8-8B4A-11D0-8D11-00A0C91BC942}") = "GCReliabilityIndex", "GCReliabilityIndex\GCReliabilityIndex.vcproj", "{B40E8DAB-032C-4680-B2BD-72446ABBEF8D}"
EndProject
Project("{8BC9CEB8-8B4A-11D0-8D11-00A0C91BC942}") = "GCModuleTest", "GCModuleTest\GCModuleTest.vcproj", "{E5CF79D4-2C63-49D9-913D-EC672FB4860E}"
EndProject
Project("{8BC9CEB8-8B4A-11D0-8D11-00A0C91BC942}") = "GCParameter2MemDB", "GCParameter2MemDB\GCParameter2MemDB.vcproj", "{428B2AE5-EEA1-494D-B0B9-0F561D76E534}"
EndProject
Project("{8BC9CEB8-8B4A-11D0-8D11-00A0C91BC942}") = "GCMemDB2Parameter", "GCMemDB2Parameter\GCMemDB2Parameter.vcproj", "{C0CFE519-000C-439D-ADE5-5801463E23C9}"
EndProject
Project("{8BC9CEB8-8B4A-11D0-8D11-00A0C91BC942}") = "GCStateEstimateServer", "GCStateEstimateServer\GCStateEstimateServer.vcproj", "{0136F228-06A5-4207-B72F-42654352AE0A}"
EndProject
Global
	GlobalSection(SolutionConfigurationPlatforms) = preSolution
		Debug|Win32 = Debug|Win32
		Debug|x64 = Debug|x64
		Release|Win32 = Release|Win32
		Release|x64 = Release|x64
	EndGlobalSection
	GlobalSection(ProjectConfigurationPlatforms) = postSolution
		{42B465E6-94BD-401C-9822-52F830F37412}.Debug|Win32.ActiveCfg = Debug|Win32
		{42B465E6-94BD-401C-9822-52F830F37412}.Debug|Win32.Build.0 = Debug|Win32
		{42B465E6-94BD-401C-9822-52F830F37412}.Debug|x64.ActiveCfg = Debug|x64
		{42B465E6-94BD-401C-9822-52F830F37412}.Debug|x64.Build.0 = Debug|x64
		{42B465E6-94BD-401C-9822-52F830F37412}.Release|Win32.ActiveCfg = Release|Win32
		{42B465E6-94BD-401C-9822-52F830F37412}.Release|Win32.Build.0 = Release|Win32
		{42B465E6-94BD-401C-9822-52F830F37412}.Release|x64.ActiveCfg = Release|x64
		{42B465E6-94BD-401C-9822-52F830F37412}.Release|x64.Build.0 = Release|x64
		{AE6FBFA0-9AC4-4A7A-AE89-2035A0ED3001}.Debug|Win32.ActiveCfg = Debug|Win32
		{AE6FBFA0-9AC4-4A7A-AE89-2035A0ED3001}.Debug|Win32.Build.0 = Debug|Win32
		{AE6FBFA0-9AC4-4A7A-AE89-2035A0ED3001}.Debug|x64.ActiveCfg = Debug|x64
		{AE6FBFA0-9AC4-4A7A-AE89-2035A0ED3001}.Debug|x64.Build.0 = Debug|x64
		{AE6FBFA0-9AC4-4A7A-AE89-2035A0ED3001}.Release|Win32.ActiveCfg = Release|Win32
		{AE6FBFA0-9AC4-4A7A-AE89-2035A0ED3001}.Release|Win32.Build.0 = Release|Win32
		{AE6FBFA0-9AC4-4A7A-AE89-2035A0ED3001}.Release|x64.ActiveCfg = Release|x64
		{AE6FBFA0-9AC4-4A7A-AE89-2035A0ED3001}.Release|x64.Build.0 = Release|x64
		{820C16C6-F346-4414-AAF7-11DF7DDA9857}.Debug|Win32.ActiveCfg = Debug|Win32
		{820C16C6-F346-4414-AAF7-11DF7DDA9857}.Debug|Win32.Build.0 = Debug|Win32
		{820C16C6-F346-4414-AAF7-11DF7DDA9857}.Debug|x64.ActiveCfg = Debug|x64
		{820C16C6-F346-4414-AAF7-11DF7DDA9857}.Debug|x64.Build.0 = Debug|x64
		{820C16C6-F346-4414-AAF7-11DF7DDA9857}.Release|Win32.ActiveCfg = Release|Win32
		{820C16C6-F346-4414-AAF7-11DF7DDA9857}.Release|Win32.Build.0 = Release|Win32
		{820C16C6-F346-4414-AAF7-11DF7DDA9857}.Release|x64.ActiveCfg = Release|x64
		{820C16C6-F346-4414-AAF7-11DF7DDA9857}.Release|x64.Build.0 = Release|x64
		{D291E0E4-EF73-4C07-9927-30CD34380C38}.Debug|Win32.ActiveCfg = Debug|Win32
		{D291E0E4-EF73-4C07-9927-30CD34380C38}.Debug|Win32.Build.0 = Debug|Win32
		{D291E0E4-EF73-4C07-9927-30CD34380C38}.Debug|x64.ActiveCfg = Debug|x64
		{D291E0E4-EF73-4C07-9927-30CD34380C38}.Debug|x64.Build.0 = Debug|x64
		{D291E0E4-EF73-4C07-9927-30CD34380C38}.Release|Win32.ActiveCfg = Release|Win32
		{D291E0E4-EF73-4C07-9927-30CD34380C38}.Release|Win32.Build.0 = Release|Win32
		{D291E0E4-EF73-4C07-9927-30CD34380C38}.Release|x64.ActiveCfg = Release|x64
		{D291E0E4-EF73-4C07-9927-30CD34380C38}.Release|x64.Build.0 = Release|x64
		{B40E8DAB-032C-4680-B2BD-72446ABBEF8D}.Debug|Win32.ActiveCfg = Debug|Win32
		{B40E8DAB-032C-4680-B2BD-72446ABBEF8D}.Debug|Win32.Build.0 = Debug|Win32
		{B40E8DAB-032C-4680-B2BD-72446ABBEF8D}.Debug|x64.ActiveCfg = Debug|x64
		{B40E8DAB-032C-4680-B2BD-72446ABBEF8D}.Debug|x64.Build.0 = Debug|x64
		{B40E8DAB-032C-4680-B2BD-72446ABBEF8D}.Release|Win32.ActiveCfg = Release|Win32
		{B40E8DAB-032C-4680-B2BD-72446ABBEF8D}.Release|Win32.Build.0 = Release|Win32
		{B40E8DAB-032C-4680-B2BD-72446ABBEF8D}.Release|x64.ActiveCfg = Release|x64
		{B40E8DAB-032C-4680-B2BD-72446ABBEF8D}.Release|x64.Build.0 = Release|x64
		{E5CF79D4-2C63-49D9-913D-EC672FB4860E}.Debug|Win32.ActiveCfg = Debug|Win32
		{E5CF79D4-2C63-49D9-913D-EC672FB4860E}.Debug|Win32.Build.0 = Debug|Win32
		{E5CF79D4-2C63-49D9-913D-EC672FB4860E}.Debug|x64.ActiveCfg = Debug|x64
		{E5CF79D4-2C63-49D9-913D-EC672FB4860E}.Debug|x64.Build.0 = Debug|x64
		{E5CF79D4-2C63-49D9-913D-EC672FB4860E}.Release|Win32.ActiveCfg = Release|Win32
		{E5CF79D4-2C63-49D9-913D-EC672FB4860E}.Release|Win32.Build.0 = Release|Win32
		{E5CF79D4-2C63-49D9-913D-EC672FB4860E}.Release|x64.ActiveCfg = Release|x64
		{E5CF79D4-2C63-49D9-913D-EC672FB4860E}.Release|x64.Build.0 = Release|x64
		{428B2AE5-EEA1-494D-B0B9-0F561D76E534}.Debug|Win32.ActiveCfg = Debug|Win32
		{428B2AE5-EEA1-494D-B0B9-0F561D76E534}.Debug|Win32.Build.0 = Debug|Win32
		{428B2AE5-EEA1-494D-B0B9-0F561D76E534}.Debug|x64.ActiveCfg = Debug|x64
		{428B2AE5-EEA1-494D-B0B9-0F561D76E534}.Debug|x64.Build.0 = Debug|x64
		{428B2AE5-EEA1-494D-B0B9-0F561D76E534}.Release|Win32.ActiveCfg = Release|Win32
		{428B2AE5-EEA1-494D-B0B9-0F561D76E534}.Release|Win32.Build.0 = Release|Win32
		{428B2AE5-EEA1-494D-B0B9-0F561D76E534}.Release|x64.ActiveCfg = Release|x64
		{428B2AE5-EEA1-494D-B0B9-0F561D76E534}.Release|x64.Build.0 = Release|x64
		{C0CFE519-000C-439D-ADE5-5801463E23C9}.Debug|Win32.ActiveCfg = Debug|Win32
		{C0CFE519-000C-439D-ADE5-5801463E23C9}.Debug|Win32.Build.0 = Debug|Win32
		{C0CFE519-000C-439D-ADE5-5801463E23C9}.Debug|x64.ActiveCfg = Debug|x64
		{C0CFE519-000C-439D-ADE5-5801463E23C9}.Debug|x64.Build.0 = Debug|x64
		{C0CFE519-000C-439D-ADE5-5801463E23C9}.Release|Win32.ActiveCfg = Release|Win32
		{C0CFE519-000C-439D-ADE5-5801463E23C9}.Release|Win32.Build.0 = Release|Win32
		{C0CFE519-000C-439D-ADE5-5801463E23C9}.Release|x64.ActiveCfg = Release|x64
		{C0CFE519-000C-439D-ADE5-5801463E23C9}.Release|x64.Build.0 = Release|x64
		{0136F228-06A5-4207-B72F-42654352AE0A}.Debug|Win32.ActiveCfg = Debug|Win32
		{0136F228-06A5-4207-B72F-42654352AE0A}.Debug|Win32.Build.0 = Debug|Win32
		{0136F228-06A5-4207-B72F-42654352AE0A}.Debug|x64.ActiveCfg = Debug|x64
		{0136F228-06A5-4207-B72F-42654352AE0A}.Debug|x64.Build.0 = Debug|x64
		{0136F228-06A5-4207-B72F-42654352AE0A}.Release|Win32.ActiveCfg = Release|Win32
		{0136F228-06A5-4207-B72F-42654352AE0A}.Release|Win32.Build.0 = Release|Win32
		{0136F228-06A5-4207-B72F-42654352AE0A}.Release|x64.ActiveCfg = Release|x64
		{0136F228-06A5-4207-B72F-42654352AE0A}.Release|x64.Build.0 = Release|x64
	EndGlobalSection
	GlobalSection(SolutionProperties) = preSolution
		HideSolutionNode = FALSE
	EndGlobalSection
EndGlobal
