<?xml version="1.0" encoding="utf-8"?>
<Project ToolsVersion="4.0" xmlns="http://schemas.microsoft.com/developer/msbuild/2003">
  <ItemGroup>
    <Filter Include="Header Files">
      <UniqueIdentifier>{93995380-89BD-4b04-88EB-625FBE52EBFB}</UniqueIdentifier>
      <Extensions>h;hpp;hxx;hm;inl;inc;xsd</Extensions>
    </Filter>
    <Filter Include="Header Files">
      <UniqueIdentifier>{93995380-89BD-4b04-88EB-625FBE52EBFB}</UniqueIdentifier>
      <Extensions>h;hpp;hxx;hm;inl;inc;xsd</Extensions>
    </Filter>
    <Filter Include="Source Files">
      <UniqueIdentifier>{4FC737F1-C7A5-4376-A066-2A32D752A2FF}</UniqueIdentifier>
      <Extensions>cpp;c;cxx;def;odl;idl;hpj;bat;asm;asmx</Extensions>
    </Filter>
    <Filter Include="Source Files">
      <UniqueIdentifier>{4FC737F1-C7A5-4376-A066-2A32D752A2FF}</UniqueIdentifier>
      <Extensions>cpp;c;cxx;def;odl;idl;hpj;bat;asm;asmx</Extensions>
    </Filter>
  </ItemGroup>
  <ItemGroup>
    <ClCompile Include="..\..\Common\Log.cpp">
      <Filter>Source Files</Filter>
    </ClCompile>
    <ClCompile Include="..\MemDBBase\MemDBBase.cpp">
      <Filter>Source Files</Filter>
    </ClCompile>
    <ClCompile Include="PRMemDB.cpp">
      <Filter>Source Files</Filter>
    </ClCompile>
    <ClCompile Include="PRMemDBIsland.cpp">
      <Filter>Source Files</Filter>
    </ClCompile>
    <ClCompile Include="PRMemDBMaint.cpp">
      <Filter>Source Files</Filter>
    </ClCompile>
    <ClCompile Include="PRMemDBRecord.cpp">
      <Filter>Source Files</Filter>
    </ClCompile>
    <ClCompile Include="..\..\Common\StringCommon.cpp">
      <Filter>Source Files</Filter>
    </ClCompile>
  </ItemGroup>
  <ItemGroup>
    <ClInclude Include="D:\GitHub\cim2ddl\znd\dev\src\MemDB\MemDBBase\MemDBBase.h">
      <Filter>Header Files</Filter>
    </ClInclude>
    <ClInclude Include="D:\GitHub\cim2ddl\znd\dev\src\MemDB\MemDBBase\MemDBBase_Check.hpp">
      <Filter>Header Files</Filter>
    </ClInclude>
    <ClInclude Include="D:\GitHub\cim2ddl\znd\dev\src\MemDB\MemDBBase\MemDBBase_Record.hpp">
      <Filter>Header Files</Filter>
    </ClInclude>
    <ClInclude Include="D:\GitHub\cim2ddl\znd\dev\src\MemDB\MemDBBase\MemDBBase_Sort.hpp">
      <Filter>Header Files</Filter>
    </ClInclude>
    <ClInclude Include="D:\GitHub\cim2ddl\znd\dev\src\MemDB\MemDBBase\MemDBHash.h">
      <Filter>Header Files</Filter>
    </ClInclude>
    <ClInclude Include="PRMemDB.h">
      <Filter>Header Files</Filter>
    </ClInclude>
    <ClInclude Include="PRMemDBBlock.h">
      <Filter>Header Files</Filter>
    </ClInclude>
    <ClInclude Include="PRMemDBDefine.h">
      <Filter>Header Files</Filter>
    </ClInclude>
    <ClInclude Include="PRMemDBExtern.h">
      <Filter>Header Files</Filter>
    </ClInclude>
    <ClInclude Include="PRMemDBField.h">
      <Filter>Header Files</Filter>
    </ClInclude>
    <ClInclude Include="PRMemDBTable.h">
      <Filter>Header Files</Filter>
    </ClInclude>
    <ClInclude Include="D:\GitHub\cim2ddl\znd\dev\src\Common\StringCommon.h">
      <Filter>Header Files</Filter>
    </ClInclude>
  </ItemGroup>
</Project>