<?xml version="1.0" encoding="utf-8"?>
<Project ToolsVersion="4.0" xmlns="http://schemas.microsoft.com/developer/msbuild/2003">
  <ItemGroup>
    <Filter Include="Header Files">
      <UniqueIdentifier>{93995380-89BD-4b04-88EB-625FBE52EBFB}</UniqueIdentifier>
      <Extensions>h;hpp;hxx;hm;inl;inc;xsd</Extensions>
    </Filter>
    <Filter Include="Header Files">
      <UniqueIdentifier>{93995380-89BD-4b04-88EB-625FBE52EBFB}</UniqueIdentifier>
      <Extensions>h;hpp;hxx;hm;inl;inc;xsd</Extensions>
    </Filter>
    <Filter Include="Source Files">
      <UniqueIdentifier>{4FC737F1-C7A5-4376-A066-2A32D752A2FF}</UniqueIdentifier>
      <Extensions>cpp;c;cxx;def;odl;idl;hpj;bat;asm;asmx</Extensions>
    </Filter>
    <Filter Include="Source Files">
      <UniqueIdentifier>{4FC737F1-C7A5-4376-A066-2A32D752A2FF}</UniqueIdentifier>
      <Extensions>cpp;c;cxx;def;odl;idl;hpj;bat;asm;asmx</Extensions>
    </Filter>
  </ItemGroup>
  <ItemGroup>
    <ClCompile Include="BpaMemDB.cpp">
      <Filter>Source Files</Filter>
    </ClCompile>
    <ClCompile Include="BpaMemDBData.cpp">
      <Filter>Source Files</Filter>
    </ClCompile>
    <ClCompile Include="BpaMemDBDecompose.cpp">
      <Filter>Source Files</Filter>
    </ClCompile>
    <ClCompile Include="BpaMemDBDerived.cpp">
      <Filter>Source Files</Filter>
    </ClCompile>
    <ClCompile Include="BpaMemDBDict.cpp">
      <Filter>Source Files</Filter>
    </ClCompile>
    <ClCompile Include="BpaMemDBFile.cpp">
      <Filter>Source Files</Filter>
    </ClCompile>
    <ClCompile Include="BpaMemDBFileDat.cpp">
      <Filter>Source Files</Filter>
    </ClCompile>
    <ClCompile Include="BpaMemDBFileIn.cpp">
      <Filter>Source Files</Filter>
    </ClCompile>
    <ClCompile Include="BpaMemDBFilePfo.cpp">
      <Filter>Source Files</Filter>
    </ClCompile>
    <ClCompile Include="BpaMemDBFileSwi.cpp">
      <Filter>Source Files</Filter>
    </ClCompile>
    <ClCompile Include="BpaMemDBMaint.cpp">
      <Filter>Source Files</Filter>
    </ClCompile>
    <ClCompile Include="BpaMemDBMisc.cpp">
      <Filter>Source Files</Filter>
    </ClCompile>
    <ClCompile Include="BpaMemDBRecord.cpp">
      <Filter>Source Files</Filter>
    </ClCompile>
    <ClCompile Include="BpaMemDBReduct.cpp">
      <Filter>Source Files</Filter>
    </ClCompile>
    <ClCompile Include="BpaMemDBTopo.cpp">
      <Filter>Source Files</Filter>
    </ClCompile>
    <ClCompile Include="BpaMemDBZil.cpp">
      <Filter>Source Files</Filter>
    </ClCompile>
    <ClCompile Include="..\..\Common\Log.cpp">
      <Filter>Source Files</Filter>
    </ClCompile>
    <ClCompile Include="..\MemDBBase\MemDBBase.cpp">
      <Filter>Source Files</Filter>
    </ClCompile>
    <ClCompile Include="..\..\Common\StringCommon.cpp">
      <Filter>Source Files</Filter>
    </ClCompile>
  </ItemGroup>
  <ItemGroup>
    <ClInclude Include="BpaDict.h">
      <Filter>Header Files</Filter>
    </ClInclude>
    <ClInclude Include="BpaDictData.h">
      <Filter>Header Files</Filter>
    </ClInclude>
    <ClInclude Include="BpaDictSwiData.h">
      <Filter>Header Files</Filter>
    </ClInclude>
    <ClInclude Include="BpaMemDB.h">
      <Filter>Header Files</Filter>
    </ClInclude>
    <ClInclude Include="BpaMemDBBlock.h">
      <Filter>Header Files</Filter>
    </ClInclude>
    <ClInclude Include="BpaMemDBDefine.h">
      <Filter>Header Files</Filter>
    </ClInclude>
    <ClInclude Include="BpaMemDBExtern.h">
      <Filter>Header Files</Filter>
    </ClInclude>
    <ClInclude Include="BpaMemDBField.h">
      <Filter>Header Files</Filter>
    </ClInclude>
    <ClInclude Include="BpaMemDBTable.h">
      <Filter>Header Files</Filter>
    </ClInclude>
    <ClInclude Include="D:\GitHub\cim2ddl\znd\dev\src\MemDB\MemDBBase\MemDBBase.h">
      <Filter>Header Files</Filter>
    </ClInclude>
    <ClInclude Include="D:\GitHub\cim2ddl\znd\dev\src\MemDB\MemDBBase\MemDBBase_Check.hpp">
      <Filter>Header Files</Filter>
    </ClInclude>
    <ClInclude Include="D:\GitHub\cim2ddl\znd\dev\src\MemDB\MemDBBase\MemDBBase_Record.hpp">
      <Filter>Header Files</Filter>
    </ClInclude>
    <ClInclude Include="D:\GitHub\cim2ddl\znd\dev\src\MemDB\MemDBBase\MemDBBase_Sort.hpp">
      <Filter>Header Files</Filter>
    </ClInclude>
    <ClInclude Include="D:\GitHub\cim2ddl\znd\dev\src\MemDB\MemDBBase\MemDBHash.h">
      <Filter>Header Files</Filter>
    </ClInclude>
    <ClInclude Include="D:\GitHub\cim2ddl\znd\dev\src\Common\StringCommon.h">
      <Filter>Header Files</Filter>
    </ClInclude>
  </ItemGroup>
</Project>